
Microsoft Visual Studio Solution File, Format Version 12.00
# Visual Studio Version 17
VisualStudioVersion = 17.13.35828.75 d17.13
MinimumVisualStudioVersion = 10.0.40219.1
Project("{FAE04EC0-301F-11D3-BF4B-00C04F79EFBC}") = "Basics", "Basics\Basics.csproj", "{7A40A25C-D13D-4E9F-BBB7-CC6F1FD7DDFB}"
EndProject
Project("{FAE04EC0-301F-11D3-BF4B-00C04F79EFBC}") = "Advanced", "Advanced\Advanced.csproj", "{2236EFC4-A750-464C-ABB3-E8DBEEA4CD96}"
EndProject
Project("{FAE04EC0-301F-11D3-BF4B-00C04F79EFBC}") = "Linq", "Linq\Linq.csproj", "{08360500-1A71-4C32-9F03-1B2EB75D1899}"
EndProject
Project("{FAE04EC0-301F-11D3-BF4B-00C04F79EFBC}") = "BankApp", "BankApp\BankApp.csproj", "{2603E5AE-71A4-4D36-9689-52D129FF74A8}"
EndProject
Project("{FAE04EC0-301F-11D3-BF4B-00C04F79EFBC}") = "ShapeApp", "ShapeApp\ShapeApp.csproj", "{EB9DDF83-526F-4FFE-A3F7-60247B090C69}"
EndProject
Global
	GlobalSection(SolutionConfigurationPlatforms) = preSolution
		Debug|Any CPU = Debug|Any CPU
		Release|Any CPU = Release|Any CPU
	EndGlobalSection
	GlobalSection(ProjectConfigurationPlatforms) = postSolution
		{7A40A25C-D13D-4E9F-BBB7-CC6F1FD7DDFB}.Debug|Any CPU.ActiveCfg = Debug|Any CPU
		{7A40A25C-D13D-4E9F-BBB7-CC6F1FD7DDFB}.Debug|Any CPU.Build.0 = Debug|Any CPU
		{7A40A25C-D13D-4E9F-BBB7-CC6F1FD7DDFB}.Release|Any CPU.ActiveCfg = Release|Any CPU
		{7A40A25C-D13D-4E9F-BBB7-CC6F1FD7DDFB}.Release|Any CPU.Build.0 = Release|Any CPU
		{2236EFC4-A750-464C-ABB3-E8DBEEA4CD96}.Debug|Any CPU.ActiveCfg = Debug|Any CPU
		{2236EFC4-A750-464C-ABB3-E8DBEEA4CD96}.Debug|Any CPU.Build.0 = Debug|Any CPU
		{2236EFC4-A750-464C-ABB3-E8DBEEA4CD96}.Release|Any CPU.ActiveCfg = Release|Any CPU
		{2236EFC4-A750-464C-ABB3-E8DBEEA4CD96}.Release|Any CPU.Build.0 = Release|Any CPU
		{08360500-1A71-4C32-9F03-1B2EB75D1899}.Debug|Any CPU.ActiveCfg = Debug|Any CPU
		{08360500-1A71-4C32-9F03-1B2EB75D1899}.Debug|Any CPU.Build.0 = Debug|Any CPU
		{08360500-1A71-4C32-9F03-1B2EB75D1899}.Release|Any CPU.ActiveCfg = Release|Any CPU
		{08360500-1A71-4C32-9F03-1B2EB75D1899}.Release|Any CPU.Build.0 = Release|Any CPU
		{2603E5AE-71A4-4D36-9689-52D129FF74A8}.Debug|Any CPU.ActiveCfg = Debug|Any CPU
		{2603E5AE-71A4-4D36-9689-52D129FF74A8}.Debug|Any CPU.Build.0 = Debug|Any CPU
		{2603E5AE-71A4-4D36-9689-52D129FF74A8}.Release|Any CPU.ActiveCfg = Release|Any CPU
		{2603E5AE-71A4-4D36-9689-52D129FF74A8}.Release|Any CPU.Build.0 = Release|Any CPU
		{EB9DDF83-526F-4FFE-A3F7-60247B090C69}.Debug|Any CPU.ActiveCfg = Debug|Any CPU
		{EB9DDF83-526F-4FFE-A3F7-60247B090C69}.Debug|Any CPU.Build.0 = Debug|Any CPU
		{EB9DDF83-526F-4FFE-A3F7-60247B090C69}.Release|Any CPU.ActiveCfg = Release|Any CPU
		{EB9DDF83-526F-4FFE-A3F7-60247B090C69}.Release|Any CPU.Build.0 = Release|Any CPU
	EndGlobalSection
	GlobalSection(SolutionProperties) = preSolution
		HideSolutionNode = FALSE
	EndGlobalSection
	GlobalSection(ExtensibilityGlobals) = postSolution
		SolutionGuid = {49AC9F8F-D526-475E-8726-3ED3C6F081E4}
	EndGlobalSection
EndGlobal
